// !$*UTF8*$!
{
	archiveVersion = 1;
	classes = {
	};
	objectVersion = 55;
	objects = {

/* Begin PBXBuildFile section */
		9422849E27FDD09F00E63F29 /* Ray_TracerApp.swift in Sources */ = {isa = PBXBuildFile; fileRef = 9422849D27FDD09F00E63F29 /* Ray_TracerApp.swift */; };
		942284A027FDD09F00E63F29 /* ContentView.swift in Sources */ = {isa = PBXBuildFile; fileRef = 9422849F27FDD09F00E63F29 /* ContentView.swift */; };
		942284A227FDD0A100E63F29 /* Assets.xcassets in Resources */ = {isa = PBXBuildFile; fileRef = 942284A127FDD0A100E63F29 /* Assets.xcassets */; };
		942284A527FDD0A100E63F29 /* Preview Assets.xcassets in Resources */ = {isa = PBXBuildFile; fileRef = 942284A427FDD0A100E63F29 /* Preview Assets.xcassets */; };
		942284B027FDD0A100E63F29 /* Ray_TracerTests.swift in Sources */ = {isa = PBXBuildFile; fileRef = 942284AF27FDD0A100E63F29 /* Ray_TracerTests.swift */; };
		942284BA27FDD0A100E63F29 /* Ray_TracerUITests.swift in Sources */ = {isa = PBXBuildFile; fileRef = 942284B927FDD0A100E63F29 /* Ray_TracerUITests.swift */; };
		942284BC27FDD0A100E63F29 /* Ray_TracerUITestsLaunchTests.swift in Sources */ = {isa = PBXBuildFile; fileRef = 942284BB27FDD0A100E63F29 /* Ray_TracerUITestsLaunchTests.swift */; };
/* End PBXBuildFile section */

/* Begin PBXContainerItemProxy section */
		942284AC27FDD0A100E63F29 /* PBXContainerItemProxy */ = {
			isa = PBXContainerItemProxy;
			containerPortal = 9422849227FDD09F00E63F29 /* Project object */;
			proxyType = 1;
			remoteGlobalIDString = 9422849927FDD09F00E63F29;
			remoteInfo = "Ray Tracer";
		};
		942284B627FDD0A100E63F29 /* PBXContainerItemProxy */ = {
			isa = PBXContainerItemProxy;
			containerPortal = 9422849227FDD09F00E63F29 /* Project object */;
			proxyType = 1;
			remoteGlobalIDString = 9422849927FDD09F00E63F29;
			remoteInfo = "Ray Tracer";
		};
/* End PBXContainerItemProxy section */

/* Begin PBXFileReference section */
		9422849A27FDD09F00E63F29 /* Ray Tracer.app */ = {isa = PBXFileReference; explicitFileType = wrapper.application; includeInIndex = 0; path = "Ray Tracer.app"; sourceTree = BUILT_PRODUCTS_DIR; };
		9422849D27FDD09F00E63F29 /* Ray_TracerApp.swift */ = {isa = PBXFileReference; lastKnownFileType = sourcecode.swift; path = Ray_TracerApp.swift; sourceTree = "<group>"; };
		9422849F27FDD09F00E63F29 /* ContentView.swift */ = {isa = PBXFileReference; lastKnownFileType = sourcecode.swift; path = ContentView.swift; sourceTree = "<group>"; };
		942284A127FDD0A100E63F29 /* Assets.xcassets */ = {isa = PBXFileReference; lastKnownFileType = folder.assetcatalog; path = Assets.xcassets; sourceTree = "<group>"; };
		942284A427FDD0A100E63F29 /* Preview Assets.xcassets */ = {isa = PBXFileReference; lastKnownFileType = folder.assetcatalog; path = "Preview Assets.xcassets"; sourceTree = "<group>"; };
		942284A627FDD0A100E63F29 /* Ray_Tracer.entitlements */ = {isa = PBXFileReference; lastKnownFileType = text.plist.entitlements; path = Ray_Tracer.entitlements; sourceTree = "<group>"; };
		942284AB27FDD0A100E63F29 /* Ray TracerTests.xctest */ = {isa = PBXFileReference; explicitFileType = wrapper.cfbundle; includeInIndex = 0; path = "Ray TracerTests.xctest"; sourceTree = BUILT_PRODUCTS_DIR; };
		942284AF27FDD0A100E63F29 /* Ray_TracerTests.swift */ = {isa = PBXFileReference; lastKnownFileType = sourcecode.swift; path = Ray_TracerTests.swift; sourceTree = "<group>"; };
		942284B527FDD0A100E63F29 /* Ray TracerUITests.xctest */ = {isa = PBXFileReference; explicitFileType = wrapper.cfbundle; includeInIndex = 0; path = "Ray TracerUITests.xctest"; sourceTree = BUILT_PRODUCTS_DIR; };
		942284B927FDD0A100E63F29 /* Ray_TracerUITests.swift */ = {isa = PBXFileReference; lastKnownFileType = sourcecode.swift; path = Ray_TracerUITests.swift; sourceTree = "<group>"; };
		942284BB27FDD0A100E63F29 /* Ray_TracerUITestsLaunchTests.swift */ = {isa = PBXFileReference; lastKnownFileType = sourcecode.swift; path = Ray_TracerUITestsLaunchTests.swift; sourceTree = "<group>"; };
/* End PBXFileReference section */

/* Begin PBXFrameworksBuildPhase section */
		9422849727FDD09F00E63F29 /* Frameworks */ = {
			isa = PBXFrameworksBuildPhase;
			buildActionMask = 2147483647;
			files = (
			);
			runOnlyForDeploymentPostprocessing = 0;
		};
		942284A827FDD0A100E63F29 /* Frameworks */ = {
			isa = PBXFrameworksBuildPhase;
			buildActionMask = 2147483647;
			files = (
			);
			runOnlyForDeploymentPostprocessing = 0;
		};
		942284B227FDD0A100E63F29 /* Frameworks */ = {
			isa = PBXFrameworksBuildPhase;
			buildActionMask = 2147483647;
			files = (
			);
			runOnlyForDeploymentPostprocessing = 0;
		};
/* End PBXFrameworksBuildPhase section */

/* Begin PBXGroup section */
		9422849127FDD09F00E63F29 = {
			isa = PBXGroup;
			children = (
				9422849C27FDD09F00E63F29 /* Ray Tracer */,
				942284AE27FDD0A100E63F29 /* Ray TracerTests */,
				942284B827FDD0A100E63F29 /* Ray TracerUITests */,
				9422849B27FDD09F00E63F29 /* Products */,
			);
			sourceTree = "<group>";
		};
		9422849B27FDD09F00E63F29 /* Products */ = {
			isa = PBXGroup;
			children = (
				9422849A27FDD09F00E63F29 /* Ray Tracer.app */,
				942284AB27FDD0A100E63F29 /* Ray TracerTests.xctest */,
				942284B527FDD0A100E63F29 /* Ray TracerUITests.xctest */,
			);
			name = Products;
			sourceTree = "<group>";
		};
		9422849C27FDD09F00E63F29 /* Ray Tracer */ = {
			isa = PBXGroup;
			children = (
				9422849D27FDD09F00E63F29 /* Ray_TracerApp.swift */,
				9422849F27FDD09F00E63F29 /* ContentView.swift */,
				942284A127FDD0A100E63F29 /* Assets.xcassets */,
				942284A627FDD0A100E63F29 /* Ray_Tracer.entitlements */,
				942284A327FDD0A100E63F29 /* Preview Content */,
			);
			path = "Ray Tracer";
			sourceTree = "<group>";
		};
		942284A327FDD0A100E63F29 /* Preview Content */ = {
			isa = PBXGroup;
			children = (
				942284A427FDD0A100E63F29 /* Preview Assets.xcassets */,
			);
			path = "Preview Content";
			sourceTree = "<group>";
		};
		942284AE27FDD0A100E63F29 /* Ray TracerTests */ = {
			isa = PBXGroup;
			children = (
				942284AF27FDD0A100E63F29 /* Ray_TracerTests.swift */,
			);
			path = "Ray TracerTests";
			sourceTree = "<group>";
		};
		942284B827FDD0A100E63F29 /* Ray TracerUITests */ = {
			isa = PBXGroup;
			children = (
				942284B927FDD0A100E63F29 /* Ray_TracerUITests.swift */,
				942284BB27FDD0A100E63F29 /* Ray_TracerUITestsLaunchTests.swift */,
			);
			path = "Ray TracerUITests";
			sourceTree = "<group>";
		};
/* End PBXGroup section */

/* Begin PBXNativeTarget section */
		9422849927FDD09F00E63F29 /* Ray Tracer */ = {
			isa = PBXNativeTarget;
			buildConfigurationList = 942284BF27FDD0A100E63F29 /* Build configuration list for PBXNativeTarget "Ray Tracer" */;
			buildPhases = (
				9422849627FDD09F00E63F29 /* Sources */,
				9422849727FDD09F00E63F29 /* Frameworks */,
				9422849827FDD09F00E63F29 /* Resources */,
			);
			buildRules = (
			);
			dependencies = (
			);
			name = "Ray Tracer";
			productName = "Ray Tracer";
			productReference = 9422849A27FDD09F00E63F29 /* Ray Tracer.app */;
			productType = "com.apple.product-type.application";
		};
		942284AA27FDD0A100E63F29 /* Ray TracerTests */ = {
			isa = PBXNativeTarget;
			buildConfigurationList = 942284C227FDD0A100E63F29 /* Build configuration list for PBXNativeTarget "Ray TracerTests" */;
			buildPhases = (
				942284A727FDD0A100E63F29 /* Sources */,
				942284A827FDD0A100E63F29 /* Frameworks */,
				942284A927FDD0A100E63F29 /* Resources */,
			);
			buildRules = (
			);
			dependencies = (
				942284AD27FDD0A100E63F29 /* PBXTargetDependency */,
			);
			name = "Ray TracerTests";
			productName = "Ray TracerTests";
			productReference = 942284AB27FDD0A100E63F29 /* Ray TracerTests.xctest */;
			productType = "com.apple.product-type.bundle.unit-test";
		};
		942284B427FDD0A100E63F29 /* Ray TracerUITests */ = {
			isa = PBXNativeTarget;
			buildConfigurationList = 942284C527FDD0A100E63F29 /* Build configuration list for PBXNativeTarget "Ray TracerUITests" */;
			buildPhases = (
				942284B127FDD0A100E63F29 /* Sources */,
				942284B227FDD0A100E63F29 /* Frameworks */,
				942284B327FDD0A100E63F29 /* Resources */,
			);
			buildRules = (
			);
			dependencies = (
				942284B727FDD0A100E63F29 /* PBXTargetDependency */,
			);
			name = "Ray TracerUITests";
			productName = "Ray TracerUITests";
			productReference = 942284B527FDD0A100E63F29 /* Ray TracerUITests.xctest */;
			productType = "com.apple.product-type.bundle.ui-testing";
		};
/* End PBXNativeTarget section */

/* Begin PBXProject section */
		9422849227FDD09F00E63F29 /* Project object */ = {
			isa = PBXProject;
			attributes = {
				BuildIndependentTargetsInParallel = 1;
				LastSwiftUpdateCheck = 1330;
				LastUpgradeCheck = 1330;
				TargetAttributes = {
					9422849927FDD09F00E63F29 = {
						CreatedOnToolsVersion = 13.3;
					};
					942284AA27FDD0A100E63F29 = {
						CreatedOnToolsVersion = 13.3;
						TestTargetID = 9422849927FDD09F00E63F29;
					};
					942284B427FDD0A100E63F29 = {
						CreatedOnToolsVersion = 13.3;
						TestTargetID = 9422849927FDD09F00E63F29;
					};
				};
			};
			buildConfigurationList = 9422849527FDD09F00E63F29 /* Build configuration list for PBXProject "Ray Tracer" */;
			compatibilityVersion = "Xcode 13.0";
			developmentRegion = en;
			hasScannedForEncodings = 0;
			knownRegions = (
				en,
				Base,
			);
			mainGroup = 9422849127FDD09F00E63F29;
			productRefGroup = 9422849B27FDD09F00E63F29 /* Products */;
			projectDirPath = "";
			projectRoot = "";
			targets = (
				9422849927FDD09F00E63F29 /* Ray Tracer */,
				942284AA27FDD0A100E63F29 /* Ray TracerTests */,
				942284B427FDD0A100E63F29 /* Ray TracerUITests */,
			);
		};
/* End PBXProject section */

/* Begin PBXResourcesBuildPhase section */
		9422849827FDD09F00E63F29 /* Resources */ = {
			isa = PBXResourcesBuildPhase;
			buildActionMask = 2147483647;
			files = (
				942284A527FDD0A100E63F29 /* Preview Assets.xcassets in Resources */,
				942284A227FDD0A100E63F29 /* Assets.xcassets in Resources */,
			);
			runOnlyForDeploymentPostprocessing = 0;
		};
		942284A927FDD0A100E63F29 /* Resources */ = {
			isa = PBXResourcesBuildPhase;
			buildActionMask = 2147483647;
			files = (
			);
			runOnlyForDeploymentPostprocessing = 0;
		};
		942284B327FDD0A100E63F29 /* Resources */ = {
			isa = PBXResourcesBuildPhase;
			buildActionMask = 2147483647;
			files = (
			);
			runOnlyForDeploymentPostprocessing = 0;
		};
/* End PBXResourcesBuildPhase section */

/* Begin PBXSourcesBuildPhase section */
		9422849627FDD09F00E63F29 /* Sources */ = {
			isa = PBXSourcesBuildPhase;
			buildActionMask = 2147483647;
			files = (
				942284A027FDD09F00E63F29 /* ContentView.swift in Sources */,
				9422849E27FDD09F00E63F29 /* Ray_TracerApp.swift in Sources */,
			);
			runOnlyForDeploymentPostprocessing = 0;
		};
		942284A727FDD0A100E63F29 /* Sources */ = {
			isa = PBXSourcesBuildPhase;
			buildActionMask = 2147483647;
			files = (
				942284B027FDD0A100E63F29 /* Ray_TracerTests.swift in Sources */,
			);
			runOnlyForDeploymentPostprocessing = 0;
		};
		942284B127FDD0A100E63F29 /* Sources */ = {
			isa = PBXSourcesBuildPhase;
			buildActionMask = 2147483647;
			files = (
				942284BC27FDD0A100E63F29 /* Ray_TracerUITestsLaunchTests.swift in Sources */,
				942284BA27FDD0A100E63F29 /* Ray_TracerUITests.swift in Sources */,
			);
			runOnlyForDeploymentPostprocessing = 0;
		};
/* End PBXSourcesBuildPhase section */

/* Begin PBXTargetDependency section */
		942284AD27FDD0A100E63F29 /* PBXTargetDependency */ = {
			isa = PBXTargetDependency;
			target = 9422849927FDD09F00E63F29 /* Ray Tracer */;
			targetProxy = 942284AC27FDD0A100E63F29 /* PBXContainerItemProxy */;
		};
		942284B727FDD0A100E63F29 /* PBXTargetDependency */ = {
			isa = PBXTargetDependency;
			target = 9422849927FDD09F00E63F29 /* Ray Tracer */;
			targetProxy = 942284B627FDD0A100E63F29 /* PBXContainerItemProxy */;
		};
/* End PBXTargetDependency section */

/* Begin XCBuildConfiguration section */
		942284BD27FDD0A100E63F29 /* Debug */ = {
			isa = XCBuildConfiguration;
			buildSettings = {
				ALWAYS_SEARCH_USER_PATHS = NO;
				CLANG_ANALYZER_NONNULL = YES;
				CLANG_ANALYZER_NUMBER_OBJECT_CONVERSION = YES_AGGRESSIVE;
				CLANG_CXX_LANGUAGE_STANDARD = "gnu++17";
				CLANG_ENABLE_MODULES = YES;
				CLANG_ENABLE_OBJC_ARC = YES;
				CLANG_ENABLE_OBJC_WEAK = YES;
				CLANG_WARN_BLOCK_CAPTURE_AUTORELEASING = YES;
				CLANG_WARN_BOOL_CONVERSION = YES;
				CLANG_WARN_COMMA = YES;
				CLANG_WARN_CONSTANT_CONVERSION = YES;
				CLANG_WARN_DEPRECATED_OBJC_IMPLEMENTATIONS = YES;
				CLANG_WARN_DIRECT_OBJC_ISA_USAGE = YES_ERROR;
				CLANG_WARN_DOCUMENTATION_COMMENTS = YES;
				CLANG_WARN_EMPTY_BODY = YES;
				CLANG_WARN_ENUM_CONVERSION = YES;
				CLANG_WARN_INFINITE_RECURSION = YES;
				CLANG_WARN_INT_CONVERSION = YES;
				CLANG_WARN_NON_LITERAL_NULL_CONVERSION = YES;
				CLANG_WARN_OBJC_IMPLICIT_RETAIN_SELF = YES;
				CLANG_WARN_OBJC_LITERAL_CONVERSION = YES;
				CLANG_WARN_OBJC_ROOT_CLASS = YES_ERROR;
				CLANG_WARN_QUOTED_INCLUDE_IN_FRAMEWORK_HEADER = YES;
				CLANG_WARN_RANGE_LOOP_ANALYSIS = YES;
				CLANG_WARN_STRICT_PROTOTYPES = YES;
				CLANG_WARN_SUSPICIOUS_MOVE = YES;
				CLANG_WARN_UNGUARDED_AVAILABILITY = YES_AGGRESSIVE;
				CLANG_WARN_UNREACHABLE_CODE = YES;
				CLANG_WARN__DUPLICATE_METHOD_MATCH = YES;
				COPY_PHASE_STRIP = NO;
				DEBUG_INFORMATION_FORMAT = dwarf;
				ENABLE_STRICT_OBJC_MSGSEND = YES;
				ENABLE_TESTABILITY = YES;
				GCC_C_LANGUAGE_STANDARD = gnu11;
				GCC_DYNAMIC_NO_PIC = NO;
				GCC_NO_COMMON_BLOCKS = YES;
				GCC_OPTIMIZATION_LEVEL = 0;
				GCC_PREPROCESSOR_DEFINITIONS = (
					"DEBUG=1",
					"$(inherited)",
				);
				GCC_WARN_64_TO_32_BIT_CONVERSION = YES;
				GCC_WARN_ABOUT_RETURN_TYPE = YES_ERROR;
				GCC_WARN_UNDECLARED_SELECTOR = YES;
				GCC_WARN_UNINITIALIZED_AUTOS = YES_AGGRESSIVE;
				GCC_WARN_UNUSED_FUNCTION = YES;
				GCC_WARN_UNUSED_VARIABLE = YES;
				MACOSX_DEPLOYMENT_TARGET = 12.2;
				MTL_ENABLE_DEBUG_INFO = INCLUDE_SOURCE;
				MTL_FAST_MATH = YES;
				ONLY_ACTIVE_ARCH = YES;
				SDKROOT = macosx;
				SWIFT_ACTIVE_COMPILATION_CONDITIONS = DEBUG;
				SWIFT_OPTIMIZATION_LEVEL = "-Onone";
			};
			name = Debug;
		};
		942284BE27FDD0A100E63F29 /* Release */ = {
			isa = XCBuildConfiguration;
			buildSettings = {
				ALWAYS_SEARCH_USER_PATHS = NO;
				CLANG_ANALYZER_NONNULL = YES;
				CLANG_ANALYZER_NUMBER_OBJECT_CONVERSION = YES_AGGRESSIVE;
				CLANG_CXX_LANGUAGE_STANDARD = "gnu++17";
				CLANG_ENABLE_MODULES = YES;
				CLANG_ENABLE_OBJC_ARC = YES;
				CLANG_ENABLE_OBJC_WEAK = YES;
				CLANG_WARN_BLOCK_CAPTURE_AUTORELEASING = YES;
				CLANG_WARN_BOOL_CONVERSION = YES;
				CLANG_WARN_COMMA = YES;
				CLANG_WARN_CONSTANT_CONVERSION = YES;
				CLANG_WARN_DEPRECATED_OBJC_IMPLEMENTATIONS = YES;
				CLANG_WARN_DIRECT_OBJC_ISA_USAGE = YES_ERROR;
				CLANG_WARN_DOCUMENTATION_COMMENTS = YES;
				CLANG_WARN_EMPTY_BODY = YES;
				CLANG_WARN_ENUM_CONVERSION = YES;
				CLANG_WARN_INFINITE_RECURSION = YES;
				CLANG_WARN_INT_CONVERSION = YES;
				CLANG_WARN_NON_LITERAL_NULL_CONVERSION = YES;
				CLANG_WARN_OBJC_IMPLICIT_RETAIN_SELF = YES;
				CLANG_WARN_OBJC_LITERAL_CONVERSION = YES;
				CLANG_WARN_OBJC_ROOT_CLASS = YES_ERROR;
				CLANG_WARN_QUOTED_INCLUDE_IN_FRAMEWORK_HEADER = YES;
				CLANG_WARN_RANGE_LOOP_ANALYSIS = YES;
				CLANG_WARN_STRICT_PROTOTYPES = YES;
				CLANG_WARN_SUSPICIOUS_MOVE = YES;
				CLANG_WARN_UNGUARDED_AVAILABILITY = YES_AGGRESSIVE;
				CLANG_WARN_UNREACHABLE_CODE = YES;
				CLANG_WARN__DUPLICATE_METHOD_MATCH = YES;
				COPY_PHASE_STRIP = NO;
				DEBUG_INFORMATION_FORMAT = "dwarf-with-dsym";
				ENABLE_NS_ASSERTIONS = NO;
				ENABLE_STRICT_OBJC_MSGSEND = YES;
				GCC_C_LANGUAGE_STANDARD = gnu11;
				GCC_NO_COMMON_BLOCKS = YES;
				GCC_WARN_64_TO_32_BIT_CONVERSION = YES;
				GCC_WARN_ABOUT_RETURN_TYPE = YES_ERROR;
				GCC_WARN_UNDECLARED_SELECTOR = YES;
				GCC_WARN_UNINITIALIZED_AUTOS = YES_AGGRESSIVE;
				GCC_WARN_UNUSED_FUNCTION = YES;
				GCC_WARN_UNUSED_VARIABLE = YES;
				MACOSX_DEPLOYMENT_TARGET = 12.2;
				MTL_ENABLE_DEBUG_INFO = NO;
				MTL_FAST_MATH = YES;
				SDKROOT = macosx;
				SWIFT_COMPILATION_MODE = wholemodule;
				SWIFT_OPTIMIZATION_LEVEL = "-O";
			};
			name = Release;
		};
		942284C027FDD0A100E63F29 /* Debug */ = {
			isa = XCBuildConfiguration;
			buildSettings = {
				ASSETCATALOG_COMPILER_APPICON_NAME = AppIcon;
				ASSETCATALOG_COMPILER_GLOBAL_ACCENT_COLOR_NAME = AccentColor;
				CODE_SIGN_ENTITLEMENTS = "Ray Tracer/Ray_Tracer.entitlements";
				CODE_SIGN_STYLE = Automatic;
				COMBINE_HIDPI_IMAGES = YES;
				CURRENT_PROJECT_VERSION = 1;
				DEVELOPMENT_ASSET_PATHS = "\"Ray Tracer/Preview Content\"";
				DEVELOPMENT_TEAM = R4FCRGY3D9;
				ENABLE_HARDENED_RUNTIME = YES;
				ENABLE_PREVIEWS = YES;
				GENERATE_INFOPLIST_FILE = YES;
				INFOPLIST_KEY_NSHumanReadableCopyright = "";
				LD_RUNPATH_SEARCH_PATHS = (
					"$(inherited)",
					"@executable_path/../Frameworks",
				);
				MARKETING_VERSION = 1.0;
				PRODUCT_BUNDLE_IDENTIFIER = "dev.bdavidson.Ray-Tracer";
				PRODUCT_NAME = "$(TARGET_NAME)";
				SWIFT_EMIT_LOC_STRINGS = YES;
				SWIFT_VERSION = 5.0;
			};
			name = Debug;
		};
		942284C127FDD0A100E63F29 /* Release */ = {
			isa = XCBuildConfiguration;
			buildSettings = {
				ASSETCATALOG_COMPILER_APPICON_NAME = AppIcon;
				ASSETCATALOG_COMPILER_GLOBAL_ACCENT_COLOR_NAME = AccentColor;
				CODE_SIGN_ENTITLEMENTS = "Ray Tracer/Ray_Tracer.entitlements";
				CODE_SIGN_STYLE = Automatic;
				COMBINE_HIDPI_IMAGES = YES;
				CURRENT_PROJECT_VERSION = 1;
				DEVELOPMENT_ASSET_PATHS = "\"Ray Tracer/Preview Content\"";
				DEVELOPMENT_TEAM = R4FCRGY3D9;
				ENABLE_HARDENED_RUNTIME = YES;
				ENABLE_PREVIEWS = YES;
				GENERATE_INFOPLIST_FILE = YES;
				INFOPLIST_KEY_NSHumanReadableCopyright = "";
				LD_RUNPATH_SEARCH_PATHS = (
					"$(inherited)",
					"@executable_path/../Frameworks",
				);
				MARKETING_VERSION = 1.0;
				PRODUCT_BUNDLE_IDENTIFIER = "dev.bdavidson.Ray-Tracer";
				PRODUCT_NAME = "$(TARGET_NAME)";
				SWIFT_EMIT_LOC_STRINGS = YES;
				SWIFT_VERSION = 5.0;
			};
			name = Release;
		};
		942284C327FDD0A100E63F29 /* Debug */ = {
			isa = XCBuildConfiguration;
			buildSettings = {
				ALWAYS_EMBED_SWIFT_STANDARD_LIBRARIES = YES;
				BUNDLE_LOADER = "$(TEST_HOST)";
				CODE_SIGN_STYLE = Automatic;
				CURRENT_PROJECT_VERSION = 1;
				DEVELOPMENT_TEAM = R4FCRGY3D9;
				GENERATE_INFOPLIST_FILE = YES;
				MACOSX_DEPLOYMENT_TARGET = 12.2;
				MARKETING_VERSION = 1.0;
				PRODUCT_BUNDLE_IDENTIFIER = "dev.bdavidson.Ray-TracerTests";
				PRODUCT_NAME = "$(TARGET_NAME)";
				SWIFT_EMIT_LOC_STRINGS = NO;
				SWIFT_VERSION = 5.0;
				TEST_HOST = "$(BUILT_PRODUCTS_DIR)/Ray Tracer.app/Contents/MacOS/Ray Tracer";
			};
			name = Debug;
		};
		942284C427FDD0A100E63F29 /* Release */ = {
			isa = XCBuildConfiguration;
			buildSettings = {
				ALWAYS_EMBED_SWIFT_STANDARD_LIBRARIES = YES;
				BUNDLE_LOADER = "$(TEST_HOST)";
				CODE_SIGN_STYLE = Automatic;
				CURRENT_PROJECT_VERSION = 1;
				DEVELOPMENT_TEAM = R4FCRGY3D9;
				GENERATE_INFOPLIST_FILE = YES;
				MACOSX_DEPLOYMENT_TARGET = 12.2;
				MARKETING_VERSION = 1.0;
				PRODUCT_BUNDLE_IDENTIFIER = "dev.bdavidson.Ray-TracerTests";
				PRODUCT_NAME = "$(TARGET_NAME)";
				SWIFT_EMIT_LOC_STRINGS = NO;
				SWIFT_VERSION = 5.0;
				TEST_HOST = "$(BUILT_PRODUCTS_DIR)/Ray Tracer.app/Contents/MacOS/Ray Tracer";
			};
			name = Release;
		};
		942284C627FDD0A100E63F29 /* Debug */ = {
			isa = XCBuildConfiguration;
			buildSettings = {
				ALWAYS_EMBED_SWIFT_STANDARD_LIBRARIES = YES;
				CODE_SIGN_STYLE = Automatic;
				CURRENT_PROJECT_VERSION = 1;
				DEVELOPMENT_TEAM = R4FCRGY3D9;
				GENERATE_INFOPLIST_FILE = YES;
				MARKETING_VERSION = 1.0;
				PRODUCT_BUNDLE_IDENTIFIER = "dev.bdavidson.Ray-TracerUITests";
				PRODUCT_NAME = "$(TARGET_NAME)";
				SWIFT_EMIT_LOC_STRINGS = NO;
				SWIFT_VERSION = 5.0;
				TEST_TARGET_NAME = "Ray Tracer";
			};
			name = Debug;
		};
		942284C727FDD0A100E63F29 /* Release */ = {
			isa = XCBuildConfiguration;
			buildSettings = {
				ALWAYS_EMBED_SWIFT_STANDARD_LIBRARIES = YES;
				CODE_SIGN_STYLE = Automatic;
				CURRENT_PROJECT_VERSION = 1;
				DEVELOPMENT_TEAM = R4FCRGY3D9;
				GENERATE_INFOPLIST_FILE = YES;
				MARKETING_VERSION = 1.0;
				PRODUCT_BUNDLE_IDENTIFIER = "dev.bdavidson.Ray-TracerUITests";
				PRODUCT_NAME = "$(TARGET_NAME)";
				SWIFT_EMIT_LOC_STRINGS = NO;
				SWIFT_VERSION = 5.0;
				TEST_TARGET_NAME = "Ray Tracer";
			};
			name = Release;
		};
/* End XCBuildConfiguration section */

/* Begin XCConfigurationList section */
		9422849527FDD09F00E63F29 /* Build configuration list for PBXProject "Ray Tracer" */ = {
			isa = XCConfigurationList;
			buildConfigurations = (
				942284BD27FDD0A100E63F29 /* Debug */,
				942284BE27FDD0A100E63F29 /* Release */,
			);
			defaultConfigurationIsVisible = 0;
			defaultConfigurationName = Release;
		};
		942284BF27FDD0A100E63F29 /* Build configuration list for PBXNativeTarget "Ray Tracer" */ = {
			isa = XCConfigurationList;
			buildConfigurations = (
				942284C027FDD0A100E63F29 /* Debug */,
				942284C127FDD0A100E63F29 /* Release */,
			);
			defaultConfigurationIsVisible = 0;
			defaultConfigurationName = Release;
		};
		942284C227FDD0A100E63F29 /* Build configuration list for PBXNativeTarget "Ray TracerTests" */ = {
			isa = XCConfigurationList;
			buildConfigurations = (
				942284C327FDD0A100E63F29 /* Debug */,
				942284C427FDD0A100E63F29 /* Release */,
			);
			defaultConfigurationIsVisible = 0;
			defaultConfigurationName = Release;
		};
		942284C527FDD0A100E63F29 /* Build configuration list for PBXNativeTarget "Ray TracerUITests" */ = {
			isa = XCConfigurationList;
			buildConfigurations = (
				942284C627FDD0A100E63F29 /* Debug */,
				942284C727FDD0A100E63F29 /* Release */,
			);
			defaultConfigurationIsVisible = 0;
			defaultConfigurationName = Release;
		};
/* End XCConfigurationList section */
	};
	rootObject = 9422849227FDD09F00E63F29 /* Project object */;
}
